
Microsoft Visual Studio Solution File, Format Version 12.00
# Visual Studio 15
VisualStudioVersion = 15.0.28307.1000
MinimumVisualStudioVersion = 10.0.40219.1
Project("{FAE04EC0-301F-11D3-BF4B-00C04F79EFBC}") = "WebApplication1", "WebApplication1\WebApplication1.csproj", "{EC16FE49-951A-414C-8216-C9514DEC7CD0}"
EndProject
Global
	GlobalSection(SolutionConfigurationPlatforms) = preSolution
		Debug|Any CPU = Debug|Any CPU
		Release|Any CPU = Release|Any CPU
	EndGlobalSection
	GlobalSection(ProjectConfigurationPlatforms) = postSolution
		{EC16FE49-951A-414C-8216-C9514DEC7CD0}.Debug|Any CPU.ActiveCfg = Debug|Any CPU
		{EC16FE49-951A-414C-8216-C9514DEC7CD0}.Debug|Any CPU.Build.0 = Debug|Any CPU
		{EC16FE49-951A-414C-8216-C9514DEC7CD0}.Release|Any CPU.ActiveCfg = Release|Any CPU
		{EC16FE49-951A-414C-8216-C9514DEC7CD0}.Release|Any CPU.Build.0 = Release|Any CPU
	EndGlobalSection
	GlobalSection(SolutionProperties) = preSolution
		HideSolutionNode = FALSE
	EndGlobalSection
	GlobalSection(ExtensibilityGlobals) = postSolution
		SolutionGuid = {57DDFC4E-DF81-460B-970A-9756023E4AE6}
	EndGlobalSection
EndGlobal
